
Microsoft Visual Studio Solution File, Format Version 12.00
# Visual Studio 2013
VisualStudioVersion = 12.0.31101.0
MinimumVisualStudioVersion = 10.0.40219.1
Project("{FAE04EC0-301F-11D3-BF4B-00C04F79EFBC}") = "StringBuilderSubstring", "StringBuilderSubstring\StringBuilderSubstring.csproj", "{2CA1DCFE-EF19-41F0-A006-9C58881E45F8}"
EndProject
Project("{FAE04EC0-301F-11D3-BF4B-00C04F79EFBC}") = "IEnumerableExtensions", "IEnumerableExtensions\IEnumerableExtensions.csproj", "{9E838F65-9CB9-43AC-8661-226F367B68F6}"
EndProject
Project("{FAE04EC0-301F-11D3-BF4B-00C04F79EFBC}") = "Students", "Students\Students.csproj", "{BD9A1654-2CEE-478B-8B33-6381B0329DE4}"
EndProject
Project("{FAE04EC0-301F-11D3-BF4B-00C04F79EFBC}") = "DivisibleBy7And3", "DivisibleBy7And3\DivisibleBy7And3.csproj", "{42BEE445-BFEC-47C6-B503-A32869784359}"
EndProject
Project("{FAE04EC0-301F-11D3-BF4B-00C04F79EFBC}") = "Timer", "Timer\Timer.csproj", "{58D05BAE-4078-4CF5-83DD-0C107173DD80}"
EndProject
Global
	GlobalSection(SolutionConfigurationPlatforms) = preSolution
		Debug|Any CPU = Debug|Any CPU
		Release|Any CPU = Release|Any CPU
	EndGlobalSection
	GlobalSection(ProjectConfigurationPlatforms) = postSolution
		{2CA1DCFE-EF19-41F0-A006-9C58881E45F8}.Debug|Any CPU.ActiveCfg = Debug|Any CPU
		{2CA1DCFE-EF19-41F0-A006-9C58881E45F8}.Debug|Any CPU.Build.0 = Debug|Any CPU
		{2CA1DCFE-EF19-41F0-A006-9C58881E45F8}.Release|Any CPU.ActiveCfg = Release|Any CPU
		{2CA1DCFE-EF19-41F0-A006-9C58881E45F8}.Release|Any CPU.Build.0 = Release|Any CPU
		{9E838F65-9CB9-43AC-8661-226F367B68F6}.Debug|Any CPU.ActiveCfg = Debug|Any CPU
		{9E838F65-9CB9-43AC-8661-226F367B68F6}.Debug|Any CPU.Build.0 = Debug|Any CPU
		{9E838F65-9CB9-43AC-8661-226F367B68F6}.Release|Any CPU.ActiveCfg = Release|Any CPU
		{9E838F65-9CB9-43AC-8661-226F367B68F6}.Release|Any CPU.Build.0 = Release|Any CPU
		{BD9A1654-2CEE-478B-8B33-6381B0329DE4}.Debug|Any CPU.ActiveCfg = Debug|Any CPU
		{BD9A1654-2CEE-478B-8B33-6381B0329DE4}.Debug|Any CPU.Build.0 = Debug|Any CPU
		{BD9A1654-2CEE-478B-8B33-6381B0329DE4}.Release|Any CPU.ActiveCfg = Release|Any CPU
		{BD9A1654-2CEE-478B-8B33-6381B0329DE4}.Release|Any CPU.Build.0 = Release|Any CPU
		{42BEE445-BFEC-47C6-B503-A32869784359}.Debug|Any CPU.ActiveCfg = Debug|Any CPU
		{42BEE445-BFEC-47C6-B503-A32869784359}.Debug|Any CPU.Build.0 = Debug|Any CPU
		{42BEE445-BFEC-47C6-B503-A32869784359}.Release|Any CPU.ActiveCfg = Release|Any CPU
		{42BEE445-BFEC-47C6-B503-A32869784359}.Release|Any CPU.Build.0 = Release|Any CPU
		{58D05BAE-4078-4CF5-83DD-0C107173DD80}.Debug|Any CPU.ActiveCfg = Debug|Any CPU
		{58D05BAE-4078-4CF5-83DD-0C107173DD80}.Debug|Any CPU.Build.0 = Debug|Any CPU
		{58D05BAE-4078-4CF5-83DD-0C107173DD80}.Release|Any CPU.ActiveCfg = Release|Any CPU
		{58D05BAE-4078-4CF5-83DD-0C107173DD80}.Release|Any CPU.Build.0 = Release|Any CPU
	EndGlobalSection
	GlobalSection(SolutionProperties) = preSolution
		HideSolutionNode = FALSE
	EndGlobalSection
EndGlobal
