
Microsoft Visual Studio Solution File, Format Version 12.00
# Visual Studio 2013
VisualStudioVersion = 12.0.31101.0
MinimumVisualStudioVersion = 10.0.40219.1
Project("{FAE04EC0-301F-11D3-BF4B-00C04F79EFBC}") = "01.SchoolClasses", "SchoolClasses\01.SchoolClasses.csproj", "{34B1091B-67F0-4E2B-ADA7-B0ECD08BD9E4}"
EndProject
Project("{FAE04EC0-301F-11D3-BF4B-00C04F79EFBC}") = "02.StudentsAndWorkers", "StudentsAndWorkers\02.StudentsAndWorkers.csproj", "{67794960-29A5-4313-B3E7-31CE1C7D77B4}"
EndProject
Project("{FAE04EC0-301F-11D3-BF4B-00C04F79EFBC}") = "03.AnimalHierarchy", "AnimalHierarchy\03.AnimalHierarchy.csproj", "{FC23D49F-D199-4372-ACB0-6F897A41EE80}"
EndProject
Global
	GlobalSection(SolutionConfigurationPlatforms) = preSolution
		Debug|Any CPU = Debug|Any CPU
		Release|Any CPU = Release|Any CPU
	EndGlobalSection
	GlobalSection(ProjectConfigurationPlatforms) = postSolution
		{34B1091B-67F0-4E2B-ADA7-B0ECD08BD9E4}.Debug|Any CPU.ActiveCfg = Debug|Any CPU
		{34B1091B-67F0-4E2B-ADA7-B0ECD08BD9E4}.Debug|Any CPU.Build.0 = Debug|Any CPU
		{34B1091B-67F0-4E2B-ADA7-B0ECD08BD9E4}.Release|Any CPU.ActiveCfg = Release|Any CPU
		{34B1091B-67F0-4E2B-ADA7-B0ECD08BD9E4}.Release|Any CPU.Build.0 = Release|Any CPU
		{67794960-29A5-4313-B3E7-31CE1C7D77B4}.Debug|Any CPU.ActiveCfg = Debug|Any CPU
		{67794960-29A5-4313-B3E7-31CE1C7D77B4}.Debug|Any CPU.Build.0 = Debug|Any CPU
		{67794960-29A5-4313-B3E7-31CE1C7D77B4}.Release|Any CPU.ActiveCfg = Release|Any CPU
		{67794960-29A5-4313-B3E7-31CE1C7D77B4}.Release|Any CPU.Build.0 = Release|Any CPU
		{FC23D49F-D199-4372-ACB0-6F897A41EE80}.Debug|Any CPU.ActiveCfg = Debug|Any CPU
		{FC23D49F-D199-4372-ACB0-6F897A41EE80}.Debug|Any CPU.Build.0 = Debug|Any CPU
		{FC23D49F-D199-4372-ACB0-6F897A41EE80}.Release|Any CPU.ActiveCfg = Release|Any CPU
		{FC23D49F-D199-4372-ACB0-6F897A41EE80}.Release|Any CPU.Build.0 = Release|Any CPU
	EndGlobalSection
	GlobalSection(SolutionProperties) = preSolution
		HideSolutionNode = FALSE
	EndGlobalSection
EndGlobal
